
Microsoft Visual Studio Solution File, Format Version 12.00
# Visual Studio 15
VisualStudioVersion = 15.0.26621.2
MinimumVisualStudioVersion = 10.0.40219.1
Project("{9A19103F-16F7-4668-BE54-9A1E7A4F7556}") = "AssemblyLoadContextTests", "AssemblyLoadContextTests\AssemblyLoadContextTests.csproj", "{7EE94984-F458-4D63-9B2C-D9A49AB95C22}"
EndProject
Project("{9A19103F-16F7-4668-BE54-9A1E7A4F7556}") = "StubProject1", "StubProject1\StubProject1.csproj", "{EF699E37-77AD-4598-8769-5E2F159BC9A3}"
EndProject
Project("{9A19103F-16F7-4668-BE54-9A1E7A4F7556}") = "JeremyTCD.DotNetCore.Utils", "..\JeremyTCD.DotNetCore.Utils\src\JeremyTCD.DotNetCore.Utils\JeremyTCD.DotNetCore.Utils.csproj", "{57152729-C3E5-4A0F-8E1B-F2CAA626C27A}"
EndProject
Project("{FAE04EC0-301F-11D3-BF4B-00C04F79EFBC}") = "StubProject2", "StubProject2\StubProject2.csproj", "{CFE206B8-794D-49DB-B4B4-F700A5C67446}"
EndProject
Global
	GlobalSection(SolutionConfigurationPlatforms) = preSolution
		Debug|Any CPU = Debug|Any CPU
		Release|Any CPU = Release|Any CPU
	EndGlobalSection
	GlobalSection(ProjectConfigurationPlatforms) = postSolution
		{7EE94984-F458-4D63-9B2C-D9A49AB95C22}.Debug|Any CPU.ActiveCfg = Debug|Any CPU
		{7EE94984-F458-4D63-9B2C-D9A49AB95C22}.Debug|Any CPU.Build.0 = Debug|Any CPU
		{7EE94984-F458-4D63-9B2C-D9A49AB95C22}.Release|Any CPU.ActiveCfg = Release|Any CPU
		{7EE94984-F458-4D63-9B2C-D9A49AB95C22}.Release|Any CPU.Build.0 = Release|Any CPU
		{EF699E37-77AD-4598-8769-5E2F159BC9A3}.Debug|Any CPU.ActiveCfg = Debug|Any CPU
		{EF699E37-77AD-4598-8769-5E2F159BC9A3}.Debug|Any CPU.Build.0 = Debug|Any CPU
		{EF699E37-77AD-4598-8769-5E2F159BC9A3}.Release|Any CPU.ActiveCfg = Release|Any CPU
		{EF699E37-77AD-4598-8769-5E2F159BC9A3}.Release|Any CPU.Build.0 = Release|Any CPU
		{57152729-C3E5-4A0F-8E1B-F2CAA626C27A}.Debug|Any CPU.ActiveCfg = Debug|Any CPU
		{57152729-C3E5-4A0F-8E1B-F2CAA626C27A}.Debug|Any CPU.Build.0 = Debug|Any CPU
		{57152729-C3E5-4A0F-8E1B-F2CAA626C27A}.Release|Any CPU.ActiveCfg = Release|Any CPU
		{57152729-C3E5-4A0F-8E1B-F2CAA626C27A}.Release|Any CPU.Build.0 = Release|Any CPU
		{CFE206B8-794D-49DB-B4B4-F700A5C67446}.Debug|Any CPU.ActiveCfg = Debug|Any CPU
		{CFE206B8-794D-49DB-B4B4-F700A5C67446}.Debug|Any CPU.Build.0 = Debug|Any CPU
		{CFE206B8-794D-49DB-B4B4-F700A5C67446}.Release|Any CPU.ActiveCfg = Release|Any CPU
		{CFE206B8-794D-49DB-B4B4-F700A5C67446}.Release|Any CPU.Build.0 = Release|Any CPU
	EndGlobalSection
	GlobalSection(SolutionProperties) = preSolution
		HideSolutionNode = FALSE
	EndGlobalSection
	GlobalSection(ExtensibilityGlobals) = postSolution
		SolutionGuid = {D04E154F-116D-46EA-B9AF-1601A7E6BFDA}
	EndGlobalSection
EndGlobal
